
Microsoft Visual Studio Solution File, Format Version 12.00
# Visual Studio Version 17
VisualStudioVersion = 17.13.35931.197
MinimumVisualStudioVersion = 10.0.40219.1
Project("{8BC9CEB8-8B4A-11D0-8D11-00A0C91BC942}") = "PhysicsSimulations", "PhysicsSimulations\PhysicsSimulations.vcxproj", "{5077EC80-E313-413C-9FA0-4032FA8E9D2B}"
EndProject
Project("{8BC9CEB8-8B4A-11D0-8D11-00A0C91BC942}") = "PhysicsMath", "PhysicsMath\PhysicsMath.vcxitems", "{A53018D9-ECC8-44EA-8A6E-84BB2BE974DD}"
EndProject
Project("{8BC9CEB8-8B4A-11D0-8D11-00A0C91BC942}") = "PhysicsEngine", "PhysicsEngine\PhysicsEngine.vcxproj", "{0974A627-8A8D-46A2-AF72-F5EFF029D18F}"
EndProject
Project("{2150E333-8FDC-42A3-9474-1A3956D46DE8}") = "Solution Items", "Solution Items", "{8EC462FD-D22E-90A8-E5CE-7E832BA40C5D}"
	ProjectSection(SolutionItems) = preProject
		README.md = README.md
	EndProjectSection
EndProject
Global
	GlobalSection(SolutionConfigurationPlatforms) = preSolution
		Debug|x64 = Debug|x64
		Debug|x86 = Debug|x86
		Release|x64 = Release|x64
		Release|x86 = Release|x86
	EndGlobalSection
	GlobalSection(ProjectConfigurationPlatforms) = postSolution
		{5077EC80-E313-413C-9FA0-4032FA8E9D2B}.Debug|x64.ActiveCfg = Debug|x64
		{5077EC80-E313-413C-9FA0-4032FA8E9D2B}.Debug|x64.Build.0 = Debug|x64
		{5077EC80-E313-413C-9FA0-4032FA8E9D2B}.Debug|x86.ActiveCfg = Debug|Win32
		{5077EC80-E313-413C-9FA0-4032FA8E9D2B}.Debug|x86.Build.0 = Debug|Win32
		{5077EC80-E313-413C-9FA0-4032FA8E9D2B}.Release|x64.ActiveCfg = Release|x64
		{5077EC80-E313-413C-9FA0-4032FA8E9D2B}.Release|x64.Build.0 = Release|x64
		{5077EC80-E313-413C-9FA0-4032FA8E9D2B}.Release|x86.ActiveCfg = Release|Win32
		{5077EC80-E313-413C-9FA0-4032FA8E9D2B}.Release|x86.Build.0 = Release|Win32
		{0974A627-8A8D-46A2-AF72-F5EFF029D18F}.Debug|x64.ActiveCfg = Debug|x64
		{0974A627-8A8D-46A2-AF72-F5EFF029D18F}.Debug|x64.Build.0 = Debug|x64
		{0974A627-8A8D-46A2-AF72-F5EFF029D18F}.Debug|x86.ActiveCfg = Debug|Win32
		{0974A627-8A8D-46A2-AF72-F5EFF029D18F}.Debug|x86.Build.0 = Debug|Win32
		{0974A627-8A8D-46A2-AF72-F5EFF029D18F}.Release|x64.ActiveCfg = Release|x64
		{0974A627-8A8D-46A2-AF72-F5EFF029D18F}.Release|x64.Build.0 = Release|x64
		{0974A627-8A8D-46A2-AF72-F5EFF029D18F}.Release|x86.ActiveCfg = Release|Win32
		{0974A627-8A8D-46A2-AF72-F5EFF029D18F}.Release|x86.Build.0 = Release|Win32
	EndGlobalSection
	GlobalSection(SolutionProperties) = preSolution
		HideSolutionNode = FALSE
	EndGlobalSection
	GlobalSection(ExtensibilityGlobals) = postSolution
		SolutionGuid = {4089FAB0-06D8-402C-A734-A3A23B9A826C}
	EndGlobalSection
EndGlobal
